// !$*UTF8*$!
{
	archiveVersion = 1;
	classes = {
	};
	objectVersion = 46;
	objects = {

/* Begin PBXBuildFile section */
		1E8B664D1F7E21A7002FEC79 /* main.m in Sources */ = {isa = PBXBuildFile; fileRef = 1E8B664C1F7E21A7002FEC79 /* main.m */; };
		1E8B66501F7E21A7002FEC79 /* AppDelegate.m in Sources */ = {isa = PBXBuildFile; fileRef = 1E8B664F1F7E21A7002FEC79 /* AppDelegate.m */; };
		1E8B66531F7E21A7002FEC79 /* ViewController.m in Sources */ = {isa = PBXBuildFile; fileRef = 1E8B66521F7E21A7002FEC79 /* ViewController.m */; };
		1E8B66561F7E21A7002FEC79 /* Main.storyboard in Resources */ = {isa = PBXBuildFile; fileRef = 1E8B66541F7E21A7002FEC79 /* Main.storyboard */; };
		1E8B66581F7E21A7002FEC79 /* Assets.xcassets in Resources */ = {isa = PBXBuildFile; fileRef = 1E8B66571F7E21A7002FEC79 /* Assets.xcassets */; };
		1E8B665B1F7E21A7002FEC79 /* LaunchScreen.storyboard in Resources */ = {isa = PBXBuildFile; fileRef = 1E8B66591F7E21A7002FEC79 /* LaunchScreen.storyboard */; };
		1E8B66661F7E21A7002FEC79 /* XCDownloaderExampleTests.m in Sources */ = {isa = PBXBuildFile; fileRef = 1E8B66651F7E21A7002FEC79 /* XCDownloaderExampleTests.m */; };
		1E8B66711F7E21A7002FEC79 /* XCDownloaderExampleUITests.m in Sources */ = {isa = PBXBuildFile; fileRef = 1E8B66701F7E21A7002FEC79 /* XCDownloaderExampleUITests.m */; };
		1E8B66811F7E21D7002FEC79 /* XCDownloader.m in Sources */ = {isa = PBXBuildFile; fileRef = 1E8B66801F7E21D7002FEC79 /* XCDownloader.m */; };
		1E8B66841F7E2239002FEC79 /* XCDownloaderFileTool.m in Sources */ = {isa = PBXBuildFile; fileRef = 1E8B66831F7E2239002FEC79 /* XCDownloaderFileTool.m */; };
		1E8B66871F7E28C6002FEC79 /* NSString+XCDownloader.m in Sources */ = {isa = PBXBuildFile; fileRef = 1E8B66861F7E28C6002FEC79 /* NSString+XCDownloader.m */; };
		1E9014161F8CC22200902EF1 /* XCDownloaderManager.m in Sources */ = {isa = PBXBuildFile; fileRef = 1E9014151F8CC22200902EF1 /* XCDownloaderManager.m */; };
/* End PBXBuildFile section */

/* Begin PBXContainerItemProxy section */
		1E8B66621F7E21A7002FEC79 /* PBXContainerItemProxy */ = {
			isa = PBXContainerItemProxy;
			containerPortal = 1E8B66401F7E21A7002FEC79 /* Project object */;
			proxyType = 1;
			remoteGlobalIDString = 1E8B66471F7E21A7002FEC79;
			remoteInfo = XCDownloaderExample;
		};
		1E8B666D1F7E21A7002FEC79 /* PBXContainerItemProxy */ = {
			isa = PBXContainerItemProxy;
			containerPortal = 1E8B66401F7E21A7002FEC79 /* Project object */;
			proxyType = 1;
			remoteGlobalIDString = 1E8B66471F7E21A7002FEC79;
			remoteInfo = XCDownloaderExample;
		};
/* End PBXContainerItemProxy section */

/* Begin PBXFileReference section */
		1E8B66481F7E21A7002FEC79 /* XCDownloaderExample.app */ = {isa = PBXFileReference; explicitFileType = wrapper.application; includeInIndex = 0; path = XCDownloaderExample.app; sourceTree = BUILT_PRODUCTS_DIR; };
		1E8B664C1F7E21A7002FEC79 /* main.m */ = {isa = PBXFileReference; lastKnownFileType = sourcecode.c.objc; path = main.m; sourceTree = "<group>"; };
		1E8B664E1F7E21A7002FEC79 /* AppDelegate.h */ = {isa = PBXFileReference; lastKnownFileType = sourcecode.c.h; path = AppDelegate.h; sourceTree = "<group>"; };
		1E8B664F1F7E21A7002FEC79 /* AppDelegate.m */ = {isa = PBXFileReference; lastKnownFileType = sourcecode.c.objc; path = AppDelegate.m; sourceTree = "<group>"; };
		1E8B66511F7E21A7002FEC79 /* ViewController.h */ = {isa = PBXFileReference; lastKnownFileType = sourcecode.c.h; path = ViewController.h; sourceTree = "<group>"; };
		1E8B66521F7E21A7002FEC79 /* ViewController.m */ = {isa = PBXFileReference; lastKnownFileType = sourcecode.c.objc; path = ViewController.m; sourceTree = "<group>"; };
		1E8B66551F7E21A7002FEC79 /* Base */ = {isa = PBXFileReference; lastKnownFileType = file.storyboard; name = Base; path = Base.lproj/Main.storyboard; sourceTree = "<group>"; };
		1E8B66571F7E21A7002FEC79 /* Assets.xcassets */ = {isa = PBXFileReference; lastKnownFileType = folder.assetcatalog; path = Assets.xcassets; sourceTree = "<group>"; };
		1E8B665A1F7E21A7002FEC79 /* Base */ = {isa = PBXFileReference; lastKnownFileType = file.storyboard; name = Base; path = Base.lproj/LaunchScreen.storyboard; sourceTree = "<group>"; };
		1E8B665C1F7E21A7002FEC79 /* Info.plist */ = {isa = PBXFileReference; lastKnownFileType = text.plist.xml; path = Info.plist; sourceTree = "<group>"; };
		1E8B66611F7E21A7002FEC79 /* XCDownloaderExampleTests.xctest */ = {isa = PBXFileReference; explicitFileType = wrapper.cfbundle; includeInIndex = 0; path = XCDownloaderExampleTests.xctest; sourceTree = BUILT_PRODUCTS_DIR; };
		1E8B66651F7E21A7002FEC79 /* XCDownloaderExampleTests.m */ = {isa = PBXFileReference; lastKnownFileType = sourcecode.c.objc; path = XCDownloaderExampleTests.m; sourceTree = "<group>"; };
		1E8B66671F7E21A7002FEC79 /* Info.plist */ = {isa = PBXFileReference; lastKnownFileType = text.plist.xml; path = Info.plist; sourceTree = "<group>"; };
		1E8B666C1F7E21A7002FEC79 /* XCDownloaderExampleUITests.xctest */ = {isa = PBXFileReference; explicitFileType = wrapper.cfbundle; includeInIndex = 0; path = XCDownloaderExampleUITests.xctest; sourceTree = BUILT_PRODUCTS_DIR; };
		1E8B66701F7E21A7002FEC79 /* XCDownloaderExampleUITests.m */ = {isa = PBXFileReference; lastKnownFileType = sourcecode.c.objc; path = XCDownloaderExampleUITests.m; sourceTree = "<group>"; };
		1E8B66721F7E21A7002FEC79 /* Info.plist */ = {isa = PBXFileReference; lastKnownFileType = text.plist.xml; path = Info.plist; sourceTree = "<group>"; };
		1E8B667F1F7E21D7002FEC79 /* XCDownloader.h */ = {isa = PBXFileReference; fileEncoding = 4; lastKnownFileType = sourcecode.c.h; path = XCDownloader.h; sourceTree = "<group>"; };
		1E8B66801F7E21D7002FEC79 /* XCDownloader.m */ = {isa = PBXFileReference; fileEncoding = 4; lastKnownFileType = sourcecode.c.objc; path = XCDownloader.m; sourceTree = "<group>"; };
		1E8B66821F7E2239002FEC79 /* XCDownloaderFileTool.h */ = {isa = PBXFileReference; fileEncoding = 4; lastKnownFileType = sourcecode.c.h; path = XCDownloaderFileTool.h; sourceTree = "<group>"; };
		1E8B66831F7E2239002FEC79 /* XCDownloaderFileTool.m */ = {isa = PBXFileReference; fileEncoding = 4; lastKnownFileType = sourcecode.c.objc; path = XCDownloaderFileTool.m; sourceTree = "<group>"; };
		1E8B66851F7E28C6002FEC79 /* NSString+XCDownloader.h */ = {isa = PBXFileReference; fileEncoding = 4; lastKnownFileType = sourcecode.c.h; path = "NSString+XCDownloader.h"; sourceTree = "<group>"; };
		1E8B66861F7E28C6002FEC79 /* NSString+XCDownloader.m */ = {isa = PBXFileReference; fileEncoding = 4; lastKnownFileType = sourcecode.c.objc; path = "NSString+XCDownloader.m"; sourceTree = "<group>"; };
		1E9014141F8CC22200902EF1 /* XCDownloaderManager.h */ = {isa = PBXFileReference; lastKnownFileType = sourcecode.c.h; path = XCDownloaderManager.h; sourceTree = "<group>"; };
		1E9014151F8CC22200902EF1 /* XCDownloaderManager.m */ = {isa = PBXFileReference; lastKnownFileType = sourcecode.c.objc; path = XCDownloaderManager.m; sourceTree = "<group>"; };
/* End PBXFileReference section */

/* Begin PBXFrameworksBuildPhase section */
		1E8B66451F7E21A7002FEC79 /* Frameworks */ = {
			isa = PBXFrameworksBuildPhase;
			buildActionMask = 2147483647;
			files = (
			);
			runOnlyForDeploymentPostprocessing = 0;
		};
		1E8B665E1F7E21A7002FEC79 /* Frameworks */ = {
			isa = PBXFrameworksBuildPhase;
			buildActionMask = 2147483647;
			files = (
			);
			runOnlyForDeploymentPostprocessing = 0;
		};
		1E8B66691F7E21A7002FEC79 /* Frameworks */ = {
			isa = PBXFrameworksBuildPhase;
			buildActionMask = 2147483647;
			files = (
			);
			runOnlyForDeploymentPostprocessing = 0;
		};
/* End PBXFrameworksBuildPhase section */

/* Begin PBXGroup section */
		1E8B663F1F7E21A7002FEC79 = {
			isa = PBXGroup;
			children = (
				1E8B667E1F7E21C0002FEC79 /* XCDownloader */,
				1E8B664A1F7E21A7002FEC79 /* XCDownloaderExample */,
				1E8B66641F7E21A7002FEC79 /* XCDownloaderExampleTests */,
				1E8B666F1F7E21A7002FEC79 /* XCDownloaderExampleUITests */,
				1E8B66491F7E21A7002FEC79 /* Products */,
			);
			sourceTree = "<group>";
		};
		1E8B66491F7E21A7002FEC79 /* Products */ = {
			isa = PBXGroup;
			children = (
				1E8B66481F7E21A7002FEC79 /* XCDownloaderExample.app */,
				1E8B66611F7E21A7002FEC79 /* XCDownloaderExampleTests.xctest */,
				1E8B666C1F7E21A7002FEC79 /* XCDownloaderExampleUITests.xctest */,
			);
			name = Products;
			sourceTree = "<group>";
		};
		1E8B664A1F7E21A7002FEC79 /* XCDownloaderExample */ = {
			isa = PBXGroup;
			children = (
				1E8B664E1F7E21A7002FEC79 /* AppDelegate.h */,
				1E8B664F1F7E21A7002FEC79 /* AppDelegate.m */,
				1E8B66511F7E21A7002FEC79 /* ViewController.h */,
				1E8B66521F7E21A7002FEC79 /* ViewController.m */,
				1E8B66541F7E21A7002FEC79 /* Main.storyboard */,
				1E8B66571F7E21A7002FEC79 /* Assets.xcassets */,
				1E8B66591F7E21A7002FEC79 /* LaunchScreen.storyboard */,
				1E8B665C1F7E21A7002FEC79 /* Info.plist */,
				1E8B664B1F7E21A7002FEC79 /* Supporting Files */,
			);
			path = XCDownloaderExample;
			sourceTree = "<group>";
		};
		1E8B664B1F7E21A7002FEC79 /* Supporting Files */ = {
			isa = PBXGroup;
			children = (
				1E8B664C1F7E21A7002FEC79 /* main.m */,
			);
			name = "Supporting Files";
			sourceTree = "<group>";
		};
		1E8B66641F7E21A7002FEC79 /* XCDownloaderExampleTests */ = {
			isa = PBXGroup;
			children = (
				1E8B66651F7E21A7002FEC79 /* XCDownloaderExampleTests.m */,
				1E8B66671F7E21A7002FEC79 /* Info.plist */,
			);
			path = XCDownloaderExampleTests;
			sourceTree = "<group>";
		};
		1E8B666F1F7E21A7002FEC79 /* XCDownloaderExampleUITests */ = {
			isa = PBXGroup;
			children = (
				1E8B66701F7E21A7002FEC79 /* XCDownloaderExampleUITests.m */,
				1E8B66721F7E21A7002FEC79 /* Info.plist */,
			);
			path = XCDownloaderExampleUITests;
			sourceTree = "<group>";
		};
		1E8B667E1F7E21C0002FEC79 /* XCDownloader */ = {
			isa = PBXGroup;
			children = (
				1E8B667F1F7E21D7002FEC79 /* XCDownloader.h */,
				1E8B66801F7E21D7002FEC79 /* XCDownloader.m */,
				1E9014141F8CC22200902EF1 /* XCDownloaderManager.h */,
				1E9014151F8CC22200902EF1 /* XCDownloaderManager.m */,
				1E8B66821F7E2239002FEC79 /* XCDownloaderFileTool.h */,
				1E8B66831F7E2239002FEC79 /* XCDownloaderFileTool.m */,
				1E8B66851F7E28C6002FEC79 /* NSString+XCDownloader.h */,
				1E8B66861F7E28C6002FEC79 /* NSString+XCDownloader.m */,
			);
			path = XCDownloader;
			sourceTree = "<group>";
		};
/* End PBXGroup section */

/* Begin PBXNativeTarget section */
		1E8B66471F7E21A7002FEC79 /* XCDownloaderExample */ = {
			isa = PBXNativeTarget;
			buildConfigurationList = 1E8B66751F7E21A7002FEC79 /* Build configuration list for PBXNativeTarget "XCDownloaderExample" */;
			buildPhases = (
				1E8B66441F7E21A7002FEC79 /* Sources */,
				1E8B66451F7E21A7002FEC79 /* Frameworks */,
				1E8B66461F7E21A7002FEC79 /* Resources */,
			);
			buildRules = (
			);
			dependencies = (
			);
			name = XCDownloaderExample;
			productName = XCDownloaderExample;
			productReference = 1E8B66481F7E21A7002FEC79 /* XCDownloaderExample.app */;
			productType = "com.apple.product-type.application";
		};
		1E8B66601F7E21A7002FEC79 /* XCDownloaderExampleTests */ = {
			isa = PBXNativeTarget;
			buildConfigurationList = 1E8B66781F7E21A7002FEC79 /* Build configuration list for PBXNativeTarget "XCDownloaderExampleTests" */;
			buildPhases = (
				1E8B665D1F7E21A7002FEC79 /* Sources */,
				1E8B665E1F7E21A7002FEC79 /* Frameworks */,
				1E8B665F1F7E21A7002FEC79 /* Resources */,
			);
			buildRules = (
			);
			dependencies = (
				1E8B66631F7E21A7002FEC79 /* PBXTargetDependency */,
			);
			name = XCDownloaderExampleTests;
			productName = XCDownloaderExampleTests;
			productReference = 1E8B66611F7E21A7002FEC79 /* XCDownloaderExampleTests.xctest */;
			productType = "com.apple.product-type.bundle.unit-test";
		};
		1E8B666B1F7E21A7002FEC79 /* XCDownloaderExampleUITests */ = {
			isa = PBXNativeTarget;
			buildConfigurationList = 1E8B667B1F7E21A7002FEC79 /* Build configuration list for PBXNativeTarget "XCDownloaderExampleUITests" */;
			buildPhases = (
				1E8B66681F7E21A7002FEC79 /* Sources */,
				1E8B66691F7E21A7002FEC79 /* Frameworks */,
				1E8B666A1F7E21A7002FEC79 /* Resources */,
			);
			buildRules = (
			);
			dependencies = (
				1E8B666E1F7E21A7002FEC79 /* PBXTargetDependency */,
			);
			name = XCDownloaderExampleUITests;
			productName = XCDownloaderExampleUITests;
			productReference = 1E8B666C1F7E21A7002FEC79 /* XCDownloaderExampleUITests.xctest */;
			productType = "com.apple.product-type.bundle.ui-testing";
		};
/* End PBXNativeTarget section */

/* Begin PBXProject section */
		1E8B66401F7E21A7002FEC79 /* Project object */ = {
			isa = PBXProject;
			attributes = {
				LastUpgradeCheck = 0900;
				ORGANIZATIONNAME = "樊小聪";
				TargetAttributes = {
					1E8B66471F7E21A7002FEC79 = {
						CreatedOnToolsVersion = 8.1;
						ProvisioningStyle = Automatic;
					};
					1E8B66601F7E21A7002FEC79 = {
						CreatedOnToolsVersion = 8.1;
						ProvisioningStyle = Automatic;
						TestTargetID = 1E8B66471F7E21A7002FEC79;
					};
					1E8B666B1F7E21A7002FEC79 = {
						CreatedOnToolsVersion = 8.1;
						ProvisioningStyle = Automatic;
						TestTargetID = 1E8B66471F7E21A7002FEC79;
					};
				};
			};
			buildConfigurationList = 1E8B66431F7E21A7002FEC79 /* Build configuration list for PBXProject "XCDownloaderExample" */;
			compatibilityVersion = "Xcode 3.2";
			developmentRegion = English;
			hasScannedForEncodings = 0;
			knownRegions = (
				en,
				Base,
			);
			mainGroup = 1E8B663F1F7E21A7002FEC79;
			productRefGroup = 1E8B66491F7E21A7002FEC79 /* Products */;
			projectDirPath = "";
			projectRoot = "";
			targets = (
				1E8B66471F7E21A7002FEC79 /* XCDownloaderExample */,
				1E8B66601F7E21A7002FEC79 /* XCDownloaderExampleTests */,
				1E8B666B1F7E21A7002FEC79 /* XCDownloaderExampleUITests */,
			);
		};
/* End PBXProject section */

/* Begin PBXResourcesBuildPhase section */
		1E8B66461F7E21A7002FEC79 /* Resources */ = {
			isa = PBXResourcesBuildPhase;
			buildActionMask = 2147483647;
			files = (
				1E8B665B1F7E21A7002FEC79 /* LaunchScreen.storyboard in Resources */,
				1E8B66581F7E21A7002FEC79 /* Assets.xcassets in Resources */,
				1E8B66561F7E21A7002FEC79 /* Main.storyboard in Resources */,
			);
			runOnlyForDeploymentPostprocessing = 0;
		};
		1E8B665F1F7E21A7002FEC79 /* Resources */ = {
			isa = PBXResourcesBuildPhase;
			buildActionMask = 2147483647;
			files = (
			);
			runOnlyForDeploymentPostprocessing = 0;
		};
		1E8B666A1F7E21A7002FEC79 /* Resources */ = {
			isa = PBXResourcesBuildPhase;
			buildActionMask = 2147483647;
			files = (
			);
			runOnlyForDeploymentPostprocessing = 0;
		};
/* End PBXResourcesBuildPhase section */

/* Begin PBXSourcesBuildPhase section */
		1E8B66441F7E21A7002FEC79 /* Sources */ = {
			isa = PBXSourcesBuildPhase;
			buildActionMask = 2147483647;
			files = (
				1E8B66531F7E21A7002FEC79 /* ViewController.m in Sources */,
				1E8B66871F7E28C6002FEC79 /* NSString+XCDownloader.m in Sources */,
				1E8B66501F7E21A7002FEC79 /* AppDelegate.m in Sources */,
				1E8B66841F7E2239002FEC79 /* XCDownloaderFileTool.m in Sources */,
				1E9014161F8CC22200902EF1 /* XCDownloaderManager.m in Sources */,
				1E8B664D1F7E21A7002FEC79 /* main.m in Sources */,
				1E8B66811F7E21D7002FEC79 /* XCDownloader.m in Sources */,
			);
			runOnlyForDeploymentPostprocessing = 0;
		};
		1E8B665D1F7E21A7002FEC79 /* Sources */ = {
			isa = PBXSourcesBuildPhase;
			buildActionMask = 2147483647;
			files = (
				1E8B66661F7E21A7002FEC79 /* XCDownloaderExampleTests.m in Sources */,
			);
			runOnlyForDeploymentPostprocessing = 0;
		};
		1E8B66681F7E21A7002FEC79 /* Sources */ = {
			isa = PBXSourcesBuildPhase;
			buildActionMask = 2147483647;
			files = (
				1E8B66711F7E21A7002FEC79 /* XCDownloaderExampleUITests.m in Sources */,
			);
			runOnlyForDeploymentPostprocessing = 0;
		};
/* End PBXSourcesBuildPhase section */

/* Begin PBXTargetDependency section */
		1E8B66631F7E21A7002FEC79 /* PBXTargetDependency */ = {
			isa = PBXTargetDependency;
			target = 1E8B66471F7E21A7002FEC79 /* XCDownloaderExample */;
			targetProxy = 1E8B66621F7E21A7002FEC79 /* PBXContainerItemProxy */;
		};
		1E8B666E1F7E21A7002FEC79 /* PBXTargetDependency */ = {
			isa = PBXTargetDependency;
			target = 1E8B66471F7E21A7002FEC79 /* XCDownloaderExample */;
			targetProxy = 1E8B666D1F7E21A7002FEC79 /* PBXContainerItemProxy */;
		};
/* End PBXTargetDependency section */

/* Begin PBXVariantGroup section */
		1E8B66541F7E21A7002FEC79 /* Main.storyboard */ = {
			isa = PBXVariantGroup;
			children = (
				1E8B66551F7E21A7002FEC79 /* Base */,
			);
			name = Main.storyboard;
			sourceTree = "<group>";
		};
		1E8B66591F7E21A7002FEC79 /* LaunchScreen.storyboard */ = {
			isa = PBXVariantGroup;
			children = (
				1E8B665A1F7E21A7002FEC79 /* Base */,
			);
			name = LaunchScreen.storyboard;
			sourceTree = "<group>";
		};
/* End PBXVariantGroup section */

/* Begin XCBuildConfiguration section */
		1E8B66731F7E21A7002FEC79 /* Debug */ = {
			isa = XCBuildConfiguration;
			buildSettings = {
				ALWAYS_SEARCH_USER_PATHS = NO;
				CLANG_ANALYZER_NONNULL = YES;
				CLANG_CXX_LANGUAGE_STANDARD = "gnu++0x";
				CLANG_CXX_LIBRARY = "libc++";
				CLANG_ENABLE_MODULES = YES;
				CLANG_ENABLE_OBJC_ARC = YES;
				CLANG_WARN_BLOCK_CAPTURE_AUTORELEASING = YES;
				CLANG_WARN_BOOL_CONVERSION = YES;
				CLANG_WARN_COMMA = YES;
				CLANG_WARN_CONSTANT_CONVERSION = YES;
				CLANG_WARN_DIRECT_OBJC_ISA_USAGE = YES_ERROR;
				CLANG_WARN_DOCUMENTATION_COMMENTS = YES;
				CLANG_WARN_EMPTY_BODY = YES;
				CLANG_WARN_ENUM_CONVERSION = YES;
				CLANG_WARN_INFINITE_RECURSION = YES;
				CLANG_WARN_INT_CONVERSION = YES;
				CLANG_WARN_NON_LITERAL_NULL_CONVERSION = YES;
				CLANG_WARN_OBJC_LITERAL_CONVERSION = YES;
				CLANG_WARN_OBJC_ROOT_CLASS = YES_ERROR;
				CLANG_WARN_RANGE_LOOP_ANALYSIS = YES;
				CLANG_WARN_STRICT_PROTOTYPES = YES;
				CLANG_WARN_SUSPICIOUS_MOVE = YES;
				CLANG_WARN_SUSPICIOUS_MOVES = YES;
				CLANG_WARN_UNREACHABLE_CODE = YES;
				CLANG_WARN__DUPLICATE_METHOD_MATCH = YES;
				"CODE_SIGN_IDENTITY[sdk=iphoneos*]" = "iPhone Developer";
				COPY_PHASE_STRIP = NO;
				DEBUG_INFORMATION_FORMAT = dwarf;
				ENABLE_STRICT_OBJC_MSGSEND = YES;
				ENABLE_TESTABILITY = YES;
				GCC_C_LANGUAGE_STANDARD = gnu99;
				GCC_DYNAMIC_NO_PIC = NO;
				GCC_NO_COMMON_BLOCKS = YES;
				GCC_OPTIMIZATION_LEVEL = 0;
				GCC_PREPROCESSOR_DEFINITIONS = (
					"DEBUG=1",
					"$(inherited)",
				);
				GCC_WARN_64_TO_32_BIT_CONVERSION = YES;
				GCC_WARN_ABOUT_RETURN_TYPE = YES_ERROR;
				GCC_WARN_UNDECLARED_SELECTOR = YES;
				GCC_WARN_UNINITIALIZED_AUTOS = YES_AGGRESSIVE;
				GCC_WARN_UNUSED_FUNCTION = YES;
				GCC_WARN_UNUSED_VARIABLE = YES;
				IPHONEOS_DEPLOYMENT_TARGET = 10.1;
				MTL_ENABLE_DEBUG_INFO = YES;
				ONLY_ACTIVE_ARCH = YES;
				SDKROOT = iphoneos;
			};
			name = Debug;
		};
		1E8B66741F7E21A7002FEC79 /* Release */ = {
			isa = XCBuildConfiguration;
			buildSettings = {
				ALWAYS_SEARCH_USER_PATHS = NO;
				CLANG_ANALYZER_NONNULL = YES;
				CLANG_CXX_LANGUAGE_STANDARD = "gnu++0x";
				CLANG_CXX_LIBRARY = "libc++";
				CLANG_ENABLE_MODULES = YES;
				CLANG_ENABLE_OBJC_ARC = YES;
				CLANG_WARN_BLOCK_CAPTURE_AUTORELEASING = YES;
				CLANG_WARN_BOOL_CONVERSION = YES;
				CLANG_WARN_COMMA = YES;
				CLANG_WARN_CONSTANT_CONVERSION = YES;
				CLANG_WARN_DIRECT_OBJC_ISA_USAGE = YES_ERROR;
				CLANG_WARN_DOCUMENTATION_COMMENTS = YES;
				CLANG_WARN_EMPTY_BODY = YES;
				CLANG_WARN_ENUM_CONVERSION = YES;
				CLANG_WARN_INFINITE_RECURSION = YES;
				CLANG_WARN_INT_CONVERSION = YES;
				CLANG_WARN_NON_LITERAL_NULL_CONVERSION = YES;
				CLANG_WARN_OBJC_LITERAL_CONVERSION = YES;
				CLANG_WARN_OBJC_ROOT_CLASS = YES_ERROR;
				CLANG_WARN_RANGE_LOOP_ANALYSIS = YES;
				CLANG_WARN_STRICT_PROTOTYPES = YES;
				CLANG_WARN_SUSPICIOUS_MOVE = YES;
				CLANG_WARN_SUSPICIOUS_MOVES = YES;
				CLANG_WARN_UNREACHABLE_CODE = YES;
				CLANG_WARN__DUPLICATE_METHOD_MATCH = YES;
				"CODE_SIGN_IDENTITY[sdk=iphoneos*]" = "iPhone Developer";
				COPY_PHASE_STRIP = NO;
				DEBUG_INFORMATION_FORMAT = "dwarf-with-dsym";
				ENABLE_NS_ASSERTIONS = NO;
				ENABLE_STRICT_OBJC_MSGSEND = YES;
				GCC_C_LANGUAGE_STANDARD = gnu99;
				GCC_NO_COMMON_BLOCKS = YES;
				GCC_WARN_64_TO_32_BIT_CONVERSION = YES;
				GCC_WARN_ABOUT_RETURN_TYPE = YES_ERROR;
				GCC_WARN_UNDECLARED_SELECTOR = YES;
				GCC_WARN_UNINITIALIZED_AUTOS = YES_AGGRESSIVE;
				GCC_WARN_UNUSED_FUNCTION = YES;
				GCC_WARN_UNUSED_VARIABLE = YES;
				IPHONEOS_DEPLOYMENT_TARGET = 10.1;
				MTL_ENABLE_DEBUG_INFO = NO;
				SDKROOT = iphoneos;
				VALIDATE_PRODUCT = YES;
			};
			name = Release;
		};
		1E8B66761F7E21A7002FEC79 /* Debug */ = {
			isa = XCBuildConfiguration;
			buildSettings = {
				ASSETCATALOG_COMPILER_APPICON_NAME = AppIcon;
				INFOPLIST_FILE = XCDownloaderExample/Info.plist;
				LD_RUNPATH_SEARCH_PATHS = "$(inherited) @executable_path/Frameworks";
				PRODUCT_BUNDLE_IDENTIFIER = ylh.XCDownloaderExample;
				PRODUCT_NAME = "$(TARGET_NAME)";
			};
			name = Debug;
		};
		1E8B66771F7E21A7002FEC79 /* Release */ = {
			isa = XCBuildConfiguration;
			buildSettings = {
				ASSETCATALOG_COMPILER_APPICON_NAME = AppIcon;
				INFOPLIST_FILE = XCDownloaderExample/Info.plist;
				LD_RUNPATH_SEARCH_PATHS = "$(inherited) @executable_path/Frameworks";
				PRODUCT_BUNDLE_IDENTIFIER = ylh.XCDownloaderExample;
				PRODUCT_NAME = "$(TARGET_NAME)";
			};
			name = Release;
		};
		1E8B66791F7E21A7002FEC79 /* Debug */ = {
			isa = XCBuildConfiguration;
			buildSettings = {
				BUNDLE_LOADER = "$(TEST_HOST)";
				INFOPLIST_FILE = XCDownloaderExampleTests/Info.plist;
				LD_RUNPATH_SEARCH_PATHS = "$(inherited) @executable_path/Frameworks @loader_path/Frameworks";
				PRODUCT_BUNDLE_IDENTIFIER = ylh.XCDownloaderExampleTests;
				PRODUCT_NAME = "$(TARGET_NAME)";
				TEST_HOST = "$(BUILT_PRODUCTS_DIR)/XCDownloaderExample.app/XCDownloaderExample";
			};
			name = Debug;
		};
		1E8B667A1F7E21A7002FEC79 /* Release */ = {
			isa = XCBuildConfiguration;
			buildSettings = {
				BUNDLE_LOADER = "$(TEST_HOST)";
				INFOPLIST_FILE = XCDownloaderExampleTests/Info.plist;
				LD_RUNPATH_SEARCH_PATHS = "$(inherited) @executable_path/Frameworks @loader_path/Frameworks";
				PRODUCT_BUNDLE_IDENTIFIER = ylh.XCDownloaderExampleTests;
				PRODUCT_NAME = "$(TARGET_NAME)";
				TEST_HOST = "$(BUILT_PRODUCTS_DIR)/XCDownloaderExample.app/XCDownloaderExample";
			};
			name = Release;
		};
		1E8B667C1F7E21A7002FEC79 /* Debug */ = {
			isa = XCBuildConfiguration;
			buildSettings = {
				INFOPLIST_FILE = XCDownloaderExampleUITests/Info.plist;
				LD_RUNPATH_SEARCH_PATHS = "$(inherited) @executable_path/Frameworks @loader_path/Frameworks";
				PRODUCT_BUNDLE_IDENTIFIER = ylh.XCDownloaderExampleUITests;
				PRODUCT_NAME = "$(TARGET_NAME)";
				TEST_TARGET_NAME = XCDownloaderExample;
			};
			name = Debug;
		};
		1E8B667D1F7E21A7002FEC79 /* Release */ = {
			isa = XCBuildConfiguration;
			buildSettings = {
				INFOPLIST_FILE = XCDownloaderExampleUITests/Info.plist;
				LD_RUNPATH_SEARCH_PATHS = "$(inherited) @executable_path/Frameworks @loader_path/Frameworks";
				PRODUCT_BUNDLE_IDENTIFIER = ylh.XCDownloaderExampleUITests;
				PRODUCT_NAME = "$(TARGET_NAME)";
				TEST_TARGET_NAME = XCDownloaderExample;
			};
			name = Release;
		};
/* End XCBuildConfiguration section */

/* Begin XCConfigurationList section */
		1E8B66431F7E21A7002FEC79 /* Build configuration list for PBXProject "XCDownloaderExample" */ = {
			isa = XCConfigurationList;
			buildConfigurations = (
				1E8B66731F7E21A7002FEC79 /* Debug */,
				1E8B66741F7E21A7002FEC79 /* Release */,
			);
			defaultConfigurationIsVisible = 0;
			defaultConfigurationName = Release;
		};
		1E8B66751F7E21A7002FEC79 /* Build configuration list for PBXNativeTarget "XCDownloaderExample" */ = {
			isa = XCConfigurationList;
			buildConfigurations = (
				1E8B66761F7E21A7002FEC79 /* Debug */,
				1E8B66771F7E21A7002FEC79 /* Release */,
			);
			defaultConfigurationIsVisible = 0;
			defaultConfigurationName = Release;
		};
		1E8B66781F7E21A7002FEC79 /* Build configuration list for PBXNativeTarget "XCDownloaderExampleTests" */ = {
			isa = XCConfigurationList;
			buildConfigurations = (
				1E8B66791F7E21A7002FEC79 /* Debug */,
				1E8B667A1F7E21A7002FEC79 /* Release */,
			);
			defaultConfigurationIsVisible = 0;
			defaultConfigurationName = Release;
		};
		1E8B667B1F7E21A7002FEC79 /* Build configuration list for PBXNativeTarget "XCDownloaderExampleUITests" */ = {
			isa = XCConfigurationList;
			buildConfigurations = (
				1E8B667C1F7E21A7002FEC79 /* Debug */,
				1E8B667D1F7E21A7002FEC79 /* Release */,
			);
			defaultConfigurationIsVisible = 0;
			defaultConfigurationName = Release;
		};
/* End XCConfigurationList section */
	};
	rootObject = 1E8B66401F7E21A7002FEC79 /* Project object */;
}
